
Microsoft Visual Studio Solution File, Format Version 12.00
# Visual Studio Version 16
VisualStudioVersion = 16.0.30011.22
MinimumVisualStudioVersion = 10.0.40219.1
Project("{F184B08F-C81C-45F6-A57F-5ABD9991F28F}") = "004_UsoDeConsola", "004_UsoDeConsola.vbproj", "{613A244D-2633-4C0E-9B9B-1E0AD4E57CE6}"
EndProject
Global
	GlobalSection(SolutionConfigurationPlatforms) = preSolution
		Debug|Any CPU = Debug|Any CPU
		Release|Any CPU = Release|Any CPU
	EndGlobalSection
	GlobalSection(ProjectConfigurationPlatforms) = postSolution
		{613A244D-2633-4C0E-9B9B-1E0AD4E57CE6}.Debug|Any CPU.ActiveCfg = Debug|Any CPU
		{613A244D-2633-4C0E-9B9B-1E0AD4E57CE6}.Debug|Any CPU.Build.0 = Debug|Any CPU
		{613A244D-2633-4C0E-9B9B-1E0AD4E57CE6}.Release|Any CPU.ActiveCfg = Release|Any CPU
		{613A244D-2633-4C0E-9B9B-1E0AD4E57CE6}.Release|Any CPU.Build.0 = Release|Any CPU
	EndGlobalSection
	GlobalSection(SolutionProperties) = preSolution
		HideSolutionNode = FALSE
	EndGlobalSection
	GlobalSection(ExtensibilityGlobals) = postSolution
		SolutionGuid = {AA9CDBCD-F5E7-4407-B015-79475E1781FE}
	EndGlobalSection
EndGlobal
